// !$*UTF8*$!
{
	archiveVersion = 1;
	classes = {
	};
	objectVersion = 46;
	objects = {

/* Begin PBXBuildFile section */
		72C684D01A93DFDC00F50342 /* main.m in Sources */ = {isa = PBXBuildFile; fileRef = 72C684CF1A93DFDC00F50342 /* main.m */; };
		72C684D31A93DFDC00F50342 /* AppDelegate.m in Sources */ = {isa = PBXBuildFile; fileRef = 72C684D21A93DFDC00F50342 /* AppDelegate.m */; };
		72C684D61A93DFDC00F50342 /* ViewController.m in Sources */ = {isa = PBXBuildFile; fileRef = 72C684D51A93DFDC00F50342 /* ViewController.m */; };
		72C684DB1A93DFDC00F50342 /* Images.xcassets in Resources */ = {isa = PBXBuildFile; fileRef = 72C684DA1A93DFDC00F50342 /* Images.xcassets */; };
		72C684EA1A93DFDC00F50342 /* StacksExampleTests.m in Sources */ = {isa = PBXBuildFile; fileRef = 72C684E91A93DFDC00F50342 /* StacksExampleTests.m */; };
		72C684FF1A93E6D800F50342 /* StacksViewController.m in Sources */ = {isa = PBXBuildFile; fileRef = 72C684FC1A93E6D800F50342 /* StacksViewController.m */; };
		72C685001A93E6D800F50342 /* UIView+Snapshot.m in Sources */ = {isa = PBXBuildFile; fileRef = 72C684FE1A93E6D800F50342 /* UIView+Snapshot.m */; };
/* End PBXBuildFile section */

/* Begin PBXContainerItemProxy section */
		72C684E41A93DFDC00F50342 /* PBXContainerItemProxy */ = {
			isa = PBXContainerItemProxy;
			containerPortal = 72C684C21A93DFDC00F50342 /* Project object */;
			proxyType = 1;
			remoteGlobalIDString = 72C684C91A93DFDC00F50342;
			remoteInfo = StacksExample;
		};
/* End PBXContainerItemProxy section */

/* Begin PBXFileReference section */
		72C684CA1A93DFDC00F50342 /* StacksExample.app */ = {isa = PBXFileReference; explicitFileType = wrapper.application; includeInIndex = 0; path = StacksExample.app; sourceTree = BUILT_PRODUCTS_DIR; };
		72C684CE1A93DFDC00F50342 /* Info.plist */ = {isa = PBXFileReference; lastKnownFileType = text.plist.xml; path = Info.plist; sourceTree = "<group>"; };
		72C684CF1A93DFDC00F50342 /* main.m */ = {isa = PBXFileReference; lastKnownFileType = sourcecode.c.objc; path = main.m; sourceTree = "<group>"; };
		72C684D11A93DFDC00F50342 /* AppDelegate.h */ = {isa = PBXFileReference; lastKnownFileType = sourcecode.c.h; path = AppDelegate.h; sourceTree = "<group>"; };
		72C684D21A93DFDC00F50342 /* AppDelegate.m */ = {isa = PBXFileReference; lastKnownFileType = sourcecode.c.objc; path = AppDelegate.m; sourceTree = "<group>"; };
		72C684D41A93DFDC00F50342 /* ViewController.h */ = {isa = PBXFileReference; lastKnownFileType = sourcecode.c.h; path = ViewController.h; sourceTree = "<group>"; };
		72C684D51A93DFDC00F50342 /* ViewController.m */ = {isa = PBXFileReference; lastKnownFileType = sourcecode.c.objc; path = ViewController.m; sourceTree = "<group>"; };
		72C684DA1A93DFDC00F50342 /* Images.xcassets */ = {isa = PBXFileReference; lastKnownFileType = folder.assetcatalog; path = Images.xcassets; sourceTree = "<group>"; };
		72C684E31A93DFDC00F50342 /* StacksExampleTests.xctest */ = {isa = PBXFileReference; explicitFileType = wrapper.cfbundle; includeInIndex = 0; path = StacksExampleTests.xctest; sourceTree = BUILT_PRODUCTS_DIR; };
		72C684E81A93DFDC00F50342 /* Info.plist */ = {isa = PBXFileReference; lastKnownFileType = text.plist.xml; path = Info.plist; sourceTree = "<group>"; };
		72C684E91A93DFDC00F50342 /* StacksExampleTests.m */ = {isa = PBXFileReference; lastKnownFileType = sourcecode.c.objc; path = StacksExampleTests.m; sourceTree = "<group>"; };
		72C684FB1A93E6D800F50342 /* StacksViewController.h */ = {isa = PBXFileReference; fileEncoding = 4; lastKnownFileType = sourcecode.c.h; path = StacksViewController.h; sourceTree = "<group>"; };
		72C684FC1A93E6D800F50342 /* StacksViewController.m */ = {isa = PBXFileReference; fileEncoding = 4; lastKnownFileType = sourcecode.c.objc; path = StacksViewController.m; sourceTree = "<group>"; };
		72C684FD1A93E6D800F50342 /* UIView+Snapshot.h */ = {isa = PBXFileReference; fileEncoding = 4; lastKnownFileType = sourcecode.c.h; path = "UIView+Snapshot.h"; sourceTree = "<group>"; };
		72C684FE1A93E6D800F50342 /* UIView+Snapshot.m */ = {isa = PBXFileReference; fileEncoding = 4; lastKnownFileType = sourcecode.c.objc; path = "UIView+Snapshot.m"; sourceTree = "<group>"; };
/* End PBXFileReference section */

/* Begin PBXFrameworksBuildPhase section */
		72C684C71A93DFDC00F50342 /* Frameworks */ = {
			isa = PBXFrameworksBuildPhase;
			buildActionMask = 2147483647;
			files = (
			);
			runOnlyForDeploymentPostprocessing = 0;
		};
		72C684E01A93DFDC00F50342 /* Frameworks */ = {
			isa = PBXFrameworksBuildPhase;
			buildActionMask = 2147483647;
			files = (
			);
			runOnlyForDeploymentPostprocessing = 0;
		};
/* End PBXFrameworksBuildPhase section */

/* Begin PBXGroup section */
		72C684C11A93DFDC00F50342 = {
			isa = PBXGroup;
			children = (
				72C684FA1A93E6D800F50342 /* Stacks */,
				72C684CC1A93DFDC00F50342 /* StacksExample */,
				72C684E61A93DFDC00F50342 /* StacksExampleTests */,
				72C684CB1A93DFDC00F50342 /* Products */,
			);
			sourceTree = "<group>";
		};
		72C684CB1A93DFDC00F50342 /* Products */ = {
			isa = PBXGroup;
			children = (
				72C684CA1A93DFDC00F50342 /* StacksExample.app */,
				72C684E31A93DFDC00F50342 /* StacksExampleTests.xctest */,
			);
			name = Products;
			sourceTree = "<group>";
		};
		72C684CC1A93DFDC00F50342 /* StacksExample */ = {
			isa = PBXGroup;
			children = (
				72C684D11A93DFDC00F50342 /* AppDelegate.h */,
				72C684D21A93DFDC00F50342 /* AppDelegate.m */,
				72C684D41A93DFDC00F50342 /* ViewController.h */,
				72C684D51A93DFDC00F50342 /* ViewController.m */,
				72C684DA1A93DFDC00F50342 /* Images.xcassets */,
				72C684CD1A93DFDC00F50342 /* Supporting Files */,
			);
			path = StacksExample;
			sourceTree = "<group>";
		};
		72C684CD1A93DFDC00F50342 /* Supporting Files */ = {
			isa = PBXGroup;
			children = (
				72C684CE1A93DFDC00F50342 /* Info.plist */,
				72C684CF1A93DFDC00F50342 /* main.m */,
			);
			name = "Supporting Files";
			sourceTree = "<group>";
		};
		72C684E61A93DFDC00F50342 /* StacksExampleTests */ = {
			isa = PBXGroup;
			children = (
				72C684E91A93DFDC00F50342 /* StacksExampleTests.m */,
				72C684E71A93DFDC00F50342 /* Supporting Files */,
			);
			path = StacksExampleTests;
			sourceTree = "<group>";
		};
		72C684E71A93DFDC00F50342 /* Supporting Files */ = {
			isa = PBXGroup;
			children = (
				72C684E81A93DFDC00F50342 /* Info.plist */,
			);
			name = "Supporting Files";
			sourceTree = "<group>";
		};
		72C684FA1A93E6D800F50342 /* Stacks */ = {
			isa = PBXGroup;
			children = (
				72C684FB1A93E6D800F50342 /* StacksViewController.h */,
				72C684FC1A93E6D800F50342 /* StacksViewController.m */,
				72C684FD1A93E6D800F50342 /* UIView+Snapshot.h */,
				72C684FE1A93E6D800F50342 /* UIView+Snapshot.m */,
			);
			path = Stacks;
			sourceTree = "<group>";
		};
/* End PBXGroup section */

/* Begin PBXNativeTarget section */
		72C684C91A93DFDC00F50342 /* StacksExample */ = {
			isa = PBXNativeTarget;
			buildConfigurationList = 72C684ED1A93DFDC00F50342 /* Build configuration list for PBXNativeTarget "StacksExample" */;
			buildPhases = (
				72C684C61A93DFDC00F50342 /* Sources */,
				72C684C71A93DFDC00F50342 /* Frameworks */,
				72C684C81A93DFDC00F50342 /* Resources */,
			);
			buildRules = (
			);
			dependencies = (
			);
			name = StacksExample;
			productName = StacksExample;
			productReference = 72C684CA1A93DFDC00F50342 /* StacksExample.app */;
			productType = "com.apple.product-type.application";
		};
		72C684E21A93DFDC00F50342 /* StacksExampleTests */ = {
			isa = PBXNativeTarget;
			buildConfigurationList = 72C684F01A93DFDC00F50342 /* Build configuration list for PBXNativeTarget "StacksExampleTests" */;
			buildPhases = (
				72C684DF1A93DFDC00F50342 /* Sources */,
				72C684E01A93DFDC00F50342 /* Frameworks */,
				72C684E11A93DFDC00F50342 /* Resources */,
			);
			buildRules = (
			);
			dependencies = (
				72C684E51A93DFDC00F50342 /* PBXTargetDependency */,
			);
			name = StacksExampleTests;
			productName = StacksExampleTests;
			productReference = 72C684E31A93DFDC00F50342 /* StacksExampleTests.xctest */;
			productType = "com.apple.product-type.bundle.unit-test";
		};
/* End PBXNativeTarget section */

/* Begin PBXProject section */
		72C684C21A93DFDC00F50342 /* Project object */ = {
			isa = PBXProject;
			attributes = {
				LastUpgradeCheck = 0610;
				ORGANIZATIONNAME = knotch;
				TargetAttributes = {
					72C684C91A93DFDC00F50342 = {
						CreatedOnToolsVersion = 6.1.1;
					};
					72C684E21A93DFDC00F50342 = {
						CreatedOnToolsVersion = 6.1.1;
						TestTargetID = 72C684C91A93DFDC00F50342;
					};
				};
			};
			buildConfigurationList = 72C684C51A93DFDC00F50342 /* Build configuration list for PBXProject "StacksExample" */;
			compatibilityVersion = "Xcode 3.2";
			developmentRegion = English;
			hasScannedForEncodings = 0;
			knownRegions = (
				en,
				Base,
			);
			mainGroup = 72C684C11A93DFDC00F50342;
			productRefGroup = 72C684CB1A93DFDC00F50342 /* Products */;
			projectDirPath = "";
			projectRoot = "";
			targets = (
				72C684C91A93DFDC00F50342 /* StacksExample */,
				72C684E21A93DFDC00F50342 /* StacksExampleTests */,
			);
		};
/* End PBXProject section */

/* Begin PBXResourcesBuildPhase section */
		72C684C81A93DFDC00F50342 /* Resources */ = {
			isa = PBXResourcesBuildPhase;
			buildActionMask = 2147483647;
			files = (
				72C684DB1A93DFDC00F50342 /* Images.xcassets in Resources */,
			);
			runOnlyForDeploymentPostprocessing = 0;
		};
		72C684E11A93DFDC00F50342 /* Resources */ = {
			isa = PBXResourcesBuildPhase;
			buildActionMask = 2147483647;
			files = (
			);
			runOnlyForDeploymentPostprocessing = 0;
		};
/* End PBXResourcesBuildPhase section */

/* Begin PBXSourcesBuildPhase section */
		72C684C61A93DFDC00F50342 /* Sources */ = {
			isa = PBXSourcesBuildPhase;
			buildActionMask = 2147483647;
			files = (
				72C684D61A93DFDC00F50342 /* ViewController.m in Sources */,
				72C684FF1A93E6D800F50342 /* StacksViewController.m in Sources */,
				72C685001A93E6D800F50342 /* UIView+Snapshot.m in Sources */,
				72C684D31A93DFDC00F50342 /* AppDelegate.m in Sources */,
				72C684D01A93DFDC00F50342 /* main.m in Sources */,
			);
			runOnlyForDeploymentPostprocessing = 0;
		};
		72C684DF1A93DFDC00F50342 /* Sources */ = {
			isa = PBXSourcesBuildPhase;
			buildActionMask = 2147483647;
			files = (
				72C684EA1A93DFDC00F50342 /* StacksExampleTests.m in Sources */,
			);
			runOnlyForDeploymentPostprocessing = 0;
		};
/* End PBXSourcesBuildPhase section */

/* Begin PBXTargetDependency section */
		72C684E51A93DFDC00F50342 /* PBXTargetDependency */ = {
			isa = PBXTargetDependency;
			target = 72C684C91A93DFDC00F50342 /* StacksExample */;
			targetProxy = 72C684E41A93DFDC00F50342 /* PBXContainerItemProxy */;
		};
/* End PBXTargetDependency section */

/* Begin XCBuildConfiguration section */
		72C684EB1A93DFDC00F50342 /* Debug */ = {
			isa = XCBuildConfiguration;
			buildSettings = {
				ALWAYS_SEARCH_USER_PATHS = NO;
				CLANG_CXX_LANGUAGE_STANDARD = "gnu++0x";
				CLANG_CXX_LIBRARY = "libc++";
				CLANG_ENABLE_MODULES = YES;
				CLANG_ENABLE_OBJC_ARC = YES;
				CLANG_WARN_BOOL_CONVERSION = YES;
				CLANG_WARN_CONSTANT_CONVERSION = YES;
				CLANG_WARN_DIRECT_OBJC_ISA_USAGE = YES_ERROR;
				CLANG_WARN_EMPTY_BODY = YES;
				CLANG_WARN_ENUM_CONVERSION = YES;
				CLANG_WARN_INT_CONVERSION = YES;
				CLANG_WARN_OBJC_ROOT_CLASS = YES_ERROR;
				CLANG_WARN_UNREACHABLE_CODE = YES;
				CLANG_WARN__DUPLICATE_METHOD_MATCH = YES;
				"CODE_SIGN_IDENTITY[sdk=iphoneos*]" = "iPhone Developer";
				COPY_PHASE_STRIP = NO;
				ENABLE_STRICT_OBJC_MSGSEND = YES;
				GCC_C_LANGUAGE_STANDARD = gnu99;
				GCC_DYNAMIC_NO_PIC = NO;
				GCC_OPTIMIZATION_LEVEL = 0;
				GCC_PREPROCESSOR_DEFINITIONS = (
					"DEBUG=1",
					"$(inherited)",
				);
				GCC_SYMBOLS_PRIVATE_EXTERN = NO;
				GCC_WARN_64_TO_32_BIT_CONVERSION = YES;
				GCC_WARN_ABOUT_RETURN_TYPE = YES_ERROR;
				GCC_WARN_UNDECLARED_SELECTOR = YES;
				GCC_WARN_UNINITIALIZED_AUTOS = YES_AGGRESSIVE;
				GCC_WARN_UNUSED_FUNCTION = YES;
				GCC_WARN_UNUSED_VARIABLE = YES;
				IPHONEOS_DEPLOYMENT_TARGET = 8.1;
				MTL_ENABLE_DEBUG_INFO = YES;
				ONLY_ACTIVE_ARCH = YES;
				SDKROOT = iphoneos;
			};
			name = Debug;
		};
		72C684EC1A93DFDC00F50342 /* Release */ = {
			isa = XCBuildConfiguration;
			buildSettings = {
				ALWAYS_SEARCH_USER_PATHS = NO;
				CLANG_CXX_LANGUAGE_STANDARD = "gnu++0x";
				CLANG_CXX_LIBRARY = "libc++";
				CLANG_ENABLE_MODULES = YES;
				CLANG_ENABLE_OBJC_ARC = YES;
				CLANG_WARN_BOOL_CONVERSION = YES;
				CLANG_WARN_CONSTANT_CONVERSION = YES;
				CLANG_WARN_DIRECT_OBJC_ISA_USAGE = YES_ERROR;
				CLANG_WARN_EMPTY_BODY = YES;
				CLANG_WARN_ENUM_CONVERSION = YES;
				CLANG_WARN_INT_CONVERSION = YES;
				CLANG_WARN_OBJC_ROOT_CLASS = YES_ERROR;
				CLANG_WARN_UNREACHABLE_CODE = YES;
				CLANG_WARN__DUPLICATE_METHOD_MATCH = YES;
				"CODE_SIGN_IDENTITY[sdk=iphoneos*]" = "iPhone Developer";
				COPY_PHASE_STRIP = YES;
				ENABLE_NS_ASSERTIONS = NO;
				ENABLE_STRICT_OBJC_MSGSEND = YES;
				GCC_C_LANGUAGE_STANDARD = gnu99;
				GCC_WARN_64_TO_32_BIT_CONVERSION = YES;
				GCC_WARN_ABOUT_RETURN_TYPE = YES_ERROR;
				GCC_WARN_UNDECLARED_SELECTOR = YES;
				GCC_WARN_UNINITIALIZED_AUTOS = YES_AGGRESSIVE;
				GCC_WARN_UNUSED_FUNCTION = YES;
				GCC_WARN_UNUSED_VARIABLE = YES;
				IPHONEOS_DEPLOYMENT_TARGET = 8.1;
				MTL_ENABLE_DEBUG_INFO = NO;
				SDKROOT = iphoneos;
				VALIDATE_PRODUCT = YES;
			};
			name = Release;
		};
		72C684EE1A93DFDC00F50342 /* Debug */ = {
			isa = XCBuildConfiguration;
			buildSettings = {
				ASSETCATALOG_COMPILER_APPICON_NAME = AppIcon;
				ASSETCATALOG_COMPILER_LAUNCHIMAGE_NAME = LaunchImage;
				INFOPLIST_FILE = StacksExample/Info.plist;
				IPHONEOS_DEPLOYMENT_TARGET = 7.0;
				LD_RUNPATH_SEARCH_PATHS = "$(inherited) @executable_path/Frameworks";
				PRODUCT_NAME = "$(TARGET_NAME)";
			};
			name = Debug;
		};
		72C684EF1A93DFDC00F50342 /* Release */ = {
			isa = XCBuildConfiguration;
			buildSettings = {
				ASSETCATALOG_COMPILER_APPICON_NAME = AppIcon;
				ASSETCATALOG_COMPILER_LAUNCHIMAGE_NAME = LaunchImage;
				INFOPLIST_FILE = StacksExample/Info.plist;
				IPHONEOS_DEPLOYMENT_TARGET = 7.0;
				LD_RUNPATH_SEARCH_PATHS = "$(inherited) @executable_path/Frameworks";
				PRODUCT_NAME = "$(TARGET_NAME)";
			};
			name = Release;
		};
		72C684F11A93DFDC00F50342 /* Debug */ = {
			isa = XCBuildConfiguration;
			buildSettings = {
				BUNDLE_LOADER = "$(TEST_HOST)";
				FRAMEWORK_SEARCH_PATHS = (
					"$(SDKROOT)/Developer/Library/Frameworks",
					"$(inherited)",
				);
				GCC_PREPROCESSOR_DEFINITIONS = (
					"DEBUG=1",
					"$(inherited)",
				);
				INFOPLIST_FILE = StacksExampleTests/Info.plist;
				LD_RUNPATH_SEARCH_PATHS = "$(inherited) @executable_path/Frameworks @loader_path/Frameworks";
				PRODUCT_NAME = "$(TARGET_NAME)";
				TEST_HOST = "$(BUILT_PRODUCTS_DIR)/StacksExample.app/StacksExample";
			};
			name = Debug;
		};
		72C684F21A93DFDC00F50342 /* Release */ = {
			isa = XCBuildConfiguration;
			buildSettings = {
				BUNDLE_LOADER = "$(TEST_HOST)";
				FRAMEWORK_SEARCH_PATHS = (
					"$(SDKROOT)/Developer/Library/Frameworks",
					"$(inherited)",
				);
				INFOPLIST_FILE = StacksExampleTests/Info.plist;
				LD_RUNPATH_SEARCH_PATHS = "$(inherited) @executable_path/Frameworks @loader_path/Frameworks";
				PRODUCT_NAME = "$(TARGET_NAME)";
				TEST_HOST = "$(BUILT_PRODUCTS_DIR)/StacksExample.app/StacksExample";
			};
			name = Release;
		};
/* End XCBuildConfiguration section */

/* Begin XCConfigurationList section */
		72C684C51A93DFDC00F50342 /* Build configuration list for PBXProject "StacksExample" */ = {
			isa = XCConfigurationList;
			buildConfigurations = (
				72C684EB1A93DFDC00F50342 /* Debug */,
				72C684EC1A93DFDC00F50342 /* Release */,
			);
			defaultConfigurationIsVisible = 0;
			defaultConfigurationName = Release;
		};
		72C684ED1A93DFDC00F50342 /* Build configuration list for PBXNativeTarget "StacksExample" */ = {
			isa = XCConfigurationList;
			buildConfigurations = (
				72C684EE1A93DFDC00F50342 /* Debug */,
				72C684EF1A93DFDC00F50342 /* Release */,
			);
			defaultConfigurationIsVisible = 0;
			defaultConfigurationName = Release;
		};
		72C684F01A93DFDC00F50342 /* Build configuration list for PBXNativeTarget "StacksExampleTests" */ = {
			isa = XCConfigurationList;
			buildConfigurations = (
				72C684F11A93DFDC00F50342 /* Debug */,
				72C684F21A93DFDC00F50342 /* Release */,
			);
			defaultConfigurationIsVisible = 0;
			defaultConfigurationName = Release;
		};
/* End XCConfigurationList section */
	};
	rootObject = 72C684C21A93DFDC00F50342 /* Project object */;
}
